
Microsoft Visual Studio Solution File, Format Version 12.00
# Visual Studio 15
VisualStudioVersion = 15.0.26730.12
MinimumVisualStudioVersion = 10.0.40219.1
Project("{9A19103F-16F7-4668-BE54-9A1E7A4F7556}") = "blog-webapi", "blog-webapi\blog-webapi.csproj", "{410B3FD0-AAB0-40DE-BBEF-5677131C1F10}"
EndProject
Project("{9A19103F-16F7-4668-BE54-9A1E7A4F7556}") = "blogModel", "blogModel\blogModel.csproj", "{6CC16301-46B0-4467-BFDE-0AEE6CB716DE}"
EndProject
Project("{E24C65DC-7377-472B-9ABA-BC803B73C61A}") = "blogView", "blogView\", "{DA6D05EE-05EA-4918-8D96-C8C536772F70}"
	ProjectSection(WebsiteProperties) = preProject
		TargetFrameworkMoniker = ".NETFramework,Version%3Dv4.0"
		Debug.AspNetCompiler.VirtualPath = "/localhost_59101"
		Debug.AspNetCompiler.PhysicalPath = "blogView\"
		Debug.AspNetCompiler.TargetPath = "PrecompiledWeb\localhost_59101\"
		Debug.AspNetCompiler.Updateable = "true"
		Debug.AspNetCompiler.ForceOverwrite = "true"
		Debug.AspNetCompiler.FixedNames = "false"
		Debug.AspNetCompiler.Debug = "True"
		Release.AspNetCompiler.VirtualPath = "/localhost_59101"
		Release.AspNetCompiler.PhysicalPath = "blogView\"
		Release.AspNetCompiler.TargetPath = "PrecompiledWeb\localhost_59101\"
		Release.AspNetCompiler.Updateable = "true"
		Release.AspNetCompiler.ForceOverwrite = "true"
		Release.AspNetCompiler.FixedNames = "false"
		Release.AspNetCompiler.Debug = "False"
		VWDPort = "59101"
		SlnRelativePath = "blogView\"
	EndProjectSection
EndProject
Global
	GlobalSection(SolutionConfigurationPlatforms) = preSolution
		Debug|Any CPU = Debug|Any CPU
		Release|Any CPU = Release|Any CPU
	EndGlobalSection
	GlobalSection(ProjectConfigurationPlatforms) = postSolution
		{410B3FD0-AAB0-40DE-BBEF-5677131C1F10}.Debug|Any CPU.ActiveCfg = Debug|Any CPU
		{410B3FD0-AAB0-40DE-BBEF-5677131C1F10}.Debug|Any CPU.Build.0 = Debug|Any CPU
		{410B3FD0-AAB0-40DE-BBEF-5677131C1F10}.Release|Any CPU.ActiveCfg = Release|Any CPU
		{410B3FD0-AAB0-40DE-BBEF-5677131C1F10}.Release|Any CPU.Build.0 = Release|Any CPU
		{6CC16301-46B0-4467-BFDE-0AEE6CB716DE}.Debug|Any CPU.ActiveCfg = Debug|Any CPU
		{6CC16301-46B0-4467-BFDE-0AEE6CB716DE}.Debug|Any CPU.Build.0 = Debug|Any CPU
		{6CC16301-46B0-4467-BFDE-0AEE6CB716DE}.Release|Any CPU.ActiveCfg = Release|Any CPU
		{6CC16301-46B0-4467-BFDE-0AEE6CB716DE}.Release|Any CPU.Build.0 = Release|Any CPU
		{DA6D05EE-05EA-4918-8D96-C8C536772F70}.Debug|Any CPU.ActiveCfg = Debug|Any CPU
		{DA6D05EE-05EA-4918-8D96-C8C536772F70}.Debug|Any CPU.Build.0 = Debug|Any CPU
		{DA6D05EE-05EA-4918-8D96-C8C536772F70}.Release|Any CPU.ActiveCfg = Debug|Any CPU
		{DA6D05EE-05EA-4918-8D96-C8C536772F70}.Release|Any CPU.Build.0 = Debug|Any CPU
	EndGlobalSection
	GlobalSection(SolutionProperties) = preSolution
		HideSolutionNode = FALSE
	EndGlobalSection
	GlobalSection(ExtensibilityGlobals) = postSolution
		SolutionGuid = {083A4950-980D-4647-83E2-434FED895212}
	EndGlobalSection
EndGlobal
